
Microsoft Visual Studio Solution File, Format Version 12.00
# Visual Studio Version 17
VisualStudioVersion = 17.4.33213.308
MinimumVisualStudioVersion = 10.0.40219.1
Project("{2150E333-8FDC-42A3-9474-1A3956D46DE8}") = ".root", ".root", "{C8A33A85-1FC0-412C-A950-41D4004DCE96}"
	ProjectSection(SolutionItems) = preProject
		.editorconfig = .editorconfig
		.gitignore = .gitignore
		Directory.Build.props = Directory.Build.props
		Directory.Build.targets = Directory.Build.targets
		License = License
		NuGet.config = NuGet.config
		ReadMe.md = ReadMe.md
		StrongName.Development.snk = StrongName.Development.snk
	EndProjectSection
EndProject
Project("{2150E333-8FDC-42A3-9474-1A3956D46DE8}") = "Source", "Source", "{2942CB0D-1877-49F8-9310-47D41777CED4}"
EndProject
Project("{9A19103F-16F7-4668-BE54-9A1E7A4F7556}") = "Project", "Source\Project\Project.csproj", "{B23F0E8B-5779-4416-83ED-FBA42B38DDE6}"
EndProject
Project("{2150E333-8FDC-42A3-9474-1A3956D46DE8}") = "Tests", "Tests", "{90508F30-74C3-4199-8364-952E6C8A1629}"
	ProjectSection(SolutionItems) = preProject
		Tests\.editorconfig = Tests\.editorconfig
		Tests\Directory.Build.props = Tests\Directory.Build.props
		Tests\Directory.Build.targets = Tests\Directory.Build.targets
	EndProjectSection
EndProject
Project("{9A19103F-16F7-4668-BE54-9A1E7A4F7556}") = "Integration-tests", "Tests\Integration-tests\Integration-tests.csproj", "{B20F4B8B-220F-45AF-8CED-3D30974B782C}"
EndProject
Project("{9A19103F-16F7-4668-BE54-9A1E7A4F7556}") = "Unit-tests", "Tests\Unit-tests\Unit-tests.csproj", "{E61BB84F-222A-467C-B680-303C472AF353}"
EndProject
Project("{2150E333-8FDC-42A3-9474-1A3956D46DE8}") = "Migrations", "Migrations", "{7A2808BA-6C17-42DF-A0E1-06DF8096EFE8}"
	ProjectSection(SolutionItems) = preProject
		Migrations\.editorconfig = Migrations\.editorconfig
		Migrations\Directory.Build.props = Migrations\Directory.Build.props
		Migrations\Directory.Build.targets = Migrations\Directory.Build.targets
	EndProjectSection
EndProject
Project("{9A19103F-16F7-4668-BE54-9A1E7A4F7556}") = "Sqlite", "Migrations\Sqlite\Sqlite.csproj", "{BB01B8EE-31F2-478C-8361-BDB49C522CAF}"
EndProject
Project("{9A19103F-16F7-4668-BE54-9A1E7A4F7556}") = "SqlServer", "Migrations\SqlServer\SqlServer.csproj", "{DB227302-40DE-4F4C-85D5-1694E39533FE}"
EndProject
Global
	GlobalSection(SolutionConfigurationPlatforms) = preSolution
		Debug|Any CPU = Debug|Any CPU
		Release|Any CPU = Release|Any CPU
	EndGlobalSection
	GlobalSection(ProjectConfigurationPlatforms) = postSolution
		{B23F0E8B-5779-4416-83ED-FBA42B38DDE6}.Debug|Any CPU.ActiveCfg = Debug|Any CPU
		{B23F0E8B-5779-4416-83ED-FBA42B38DDE6}.Debug|Any CPU.Build.0 = Debug|Any CPU
		{B23F0E8B-5779-4416-83ED-FBA42B38DDE6}.Release|Any CPU.ActiveCfg = Release|Any CPU
		{B23F0E8B-5779-4416-83ED-FBA42B38DDE6}.Release|Any CPU.Build.0 = Release|Any CPU
		{B20F4B8B-220F-45AF-8CED-3D30974B782C}.Debug|Any CPU.ActiveCfg = Debug|Any CPU
		{B20F4B8B-220F-45AF-8CED-3D30974B782C}.Debug|Any CPU.Build.0 = Debug|Any CPU
		{B20F4B8B-220F-45AF-8CED-3D30974B782C}.Release|Any CPU.ActiveCfg = Release|Any CPU
		{B20F4B8B-220F-45AF-8CED-3D30974B782C}.Release|Any CPU.Build.0 = Release|Any CPU
		{E61BB84F-222A-467C-B680-303C472AF353}.Debug|Any CPU.ActiveCfg = Debug|Any CPU
		{E61BB84F-222A-467C-B680-303C472AF353}.Debug|Any CPU.Build.0 = Debug|Any CPU
		{E61BB84F-222A-467C-B680-303C472AF353}.Release|Any CPU.ActiveCfg = Release|Any CPU
		{E61BB84F-222A-467C-B680-303C472AF353}.Release|Any CPU.Build.0 = Release|Any CPU
		{BB01B8EE-31F2-478C-8361-BDB49C522CAF}.Debug|Any CPU.ActiveCfg = Debug|Any CPU
		{BB01B8EE-31F2-478C-8361-BDB49C522CAF}.Debug|Any CPU.Build.0 = Debug|Any CPU
		{BB01B8EE-31F2-478C-8361-BDB49C522CAF}.Release|Any CPU.ActiveCfg = Release|Any CPU
		{BB01B8EE-31F2-478C-8361-BDB49C522CAF}.Release|Any CPU.Build.0 = Release|Any CPU
		{DB227302-40DE-4F4C-85D5-1694E39533FE}.Debug|Any CPU.ActiveCfg = Debug|Any CPU
		{DB227302-40DE-4F4C-85D5-1694E39533FE}.Debug|Any CPU.Build.0 = Debug|Any CPU
		{DB227302-40DE-4F4C-85D5-1694E39533FE}.Release|Any CPU.ActiveCfg = Release|Any CPU
		{DB227302-40DE-4F4C-85D5-1694E39533FE}.Release|Any CPU.Build.0 = Release|Any CPU
	EndGlobalSection
	GlobalSection(SolutionProperties) = preSolution
		HideSolutionNode = FALSE
	EndGlobalSection
	GlobalSection(NestedProjects) = preSolution
		{B23F0E8B-5779-4416-83ED-FBA42B38DDE6} = {2942CB0D-1877-49F8-9310-47D41777CED4}
		{B20F4B8B-220F-45AF-8CED-3D30974B782C} = {90508F30-74C3-4199-8364-952E6C8A1629}
		{E61BB84F-222A-467C-B680-303C472AF353} = {90508F30-74C3-4199-8364-952E6C8A1629}
		{BB01B8EE-31F2-478C-8361-BDB49C522CAF} = {7A2808BA-6C17-42DF-A0E1-06DF8096EFE8}
		{DB227302-40DE-4F4C-85D5-1694E39533FE} = {7A2808BA-6C17-42DF-A0E1-06DF8096EFE8}
	EndGlobalSection
	GlobalSection(ExtensibilityGlobals) = postSolution
		SolutionGuid = {F181FA82-6FD3-449C-A86A-5C3C8F47CB96}
	EndGlobalSection
EndGlobal
